<?xml version="1.0" encoding="utf-8"?>
<Project ToolsVersion="4.0" xmlns="http://schemas.microsoft.com/developer/msbuild/2003">
  <ItemGroup>
    <Filter Include="Исходные файлы">
      <UniqueIdentifier>{4FC737F1-C7A5-4376-A066-2A32D752A2FF}</UniqueIdentifier>
      <Extensions>cpp;c;cc;cxx;def;odl;idl;hpj;bat;asm;asmx</Extensions>
    </Filter>
    <Filter Include="Файлы заголовков">
      <UniqueIdentifier>{93995380-89BD-4b04-88EB-625FBE52EBFB}</UniqueIdentifier>
      <Extensions>h;hh;hpp;hxx;hm;inl;inc;ipp;xsd</Extensions>
    </Filter>
    <Filter Include="Файлы ресурсов">
      <UniqueIdentifier>{67DA6AB6-F800-4c08-8B7A-83BB121AAD01}</UniqueIdentifier>
      <Extensions>rc;ico;cur;bmp;dlg;rc2;rct;bin;rgs;gif;jpg;jpeg;jpe;resx;tiff;tif;png;wav;mfcribbon-ms</Extensions>
    </Filter>
    <Filter Include="Исходные файлы\Sphere">
      <UniqueIdentifier>{42617e49-3fc9-4923-a7e8-03b748dba1a4}</UniqueIdentifier>
    </Filter>
  </ItemGroup>
  <ItemGroup>
    <ClCompile Include="Spheres.cpp">
      <Filter>Исходные файлы</Filter>
    </ClCompile>
    <ClCompile Include="Environment.cpp">
      <Filter>Исходные файлы</Filter>
    </ClCompile>
    <ClCompile Include="Sphere.cpp">
      <Filter>Исходные файлы</Filter>
    </ClCompile>
    <ClCompile Include="map_processors.cpp">
      <Filter>Исходные файлы</Filter>
    </ClCompile>
    <ClCompile Include="event_handler.cpp">
      <Filter>Исходные файлы</Filter>
    </ClCompile>
    <ClCompile Include="time_handler.cpp">
      <Filter>Исходные файлы</Filter>
    </ClCompile>
    <ClCompile Include="planar_vector.cpp">
      <Filter>Исходные файлы</Filter>
    </ClCompile>
    <ClCompile Include="sphere_tick.cpp">
      <Filter>Исходные файлы\Sphere</Filter>
    </ClCompile>
    <ClCompile Include="sphere_wall_collision.cpp">
      <Filter>Исходные файлы\Sphere</Filter>
    </ClCompile>
    <ClCompile Include="sphere_friction.cpp">
      <Filter>Исходные файлы\Sphere</Filter>
    </ClCompile>
    <ClCompile Include="sphere_tick_yx.cpp">
      <Filter>Исходные файлы\Sphere</Filter>
    </ClCompile>
    <ClCompile Include="sphere_draw.cpp">
      <Filter>Исходные файлы\Sphere</Filter>
    </ClCompile>
    <ClCompile Include="sphere_read.cpp">
      <Filter>Исходные файлы\Sphere</Filter>
    </ClCompile>
    <ClCompile Include="sphere_create.cpp">
      <Filter>Исходные файлы\Sphere</Filter>
    </ClCompile>
    <ClCompile Include="draw.cpp">
      <Filter>Исходные файлы</Filter>
    </ClCompile>
    <ClCompile Include="collider.cpp">
      <Filter>Исходные файлы</Filter>
    </ClCompile>
    <ClCompile Include="sphere_is_collides.cpp">
      <Filter>Исходные файлы\Sphere</Filter>
    </ClCompile>
    <ClCompile Include="read_path.cpp">
      <Filter>Исходные файлы</Filter>
    </ClCompile>
  </ItemGroup>
  <ItemGroup>
    <ClInclude Include="Environment.hpp">
      <Filter>Файлы заголовков</Filter>
    </ClInclude>
    <ClInclude Include="Sphere.hpp">
      <Filter>Файлы заголовков</Filter>
    </ClInclude>
    <ClInclude Include="functions.hpp">
      <Filter>Файлы заголовков</Filter>
    </ClInclude>
  </ItemGroup>
</Project>